
Microsoft Visual Studio Solution File, Format Version 12.00
# Visual Studio 15
VisualStudioVersion = 15.0.28010.2046
MinimumVisualStudioVersion = 10.0.40219.1
Project("{FAE04EC0-301F-11D3-BF4B-00C04F79EFBC}") = "ScheduleChecking", "ScheduleChecking\ScheduleChecking.csproj", "{E2439D96-2547-4A2A-8A12-C4C414CCFA9E}"
EndProject
Global
	GlobalSection(SolutionConfigurationPlatforms) = preSolution
		Debug|Any CPU = Debug|Any CPU
		Release|Any CPU = Release|Any CPU
	EndGlobalSection
	GlobalSection(ProjectConfigurationPlatforms) = postSolution
		{E2439D96-2547-4A2A-8A12-C4C414CCFA9E}.Debug|Any CPU.ActiveCfg = Debug|Any CPU
		{E2439D96-2547-4A2A-8A12-C4C414CCFA9E}.Debug|Any CPU.Build.0 = Debug|Any CPU
		{E2439D96-2547-4A2A-8A12-C4C414CCFA9E}.Release|Any CPU.ActiveCfg = Release|Any CPU
		{E2439D96-2547-4A2A-8A12-C4C414CCFA9E}.Release|Any CPU.Build.0 = Release|Any CPU
	EndGlobalSection
	GlobalSection(SolutionProperties) = preSolution
		HideSolutionNode = FALSE
	EndGlobalSection
	GlobalSection(ExtensibilityGlobals) = postSolution
		SolutionGuid = {4CCC2D22-29F2-4087-A840-141A3C185214}
	EndGlobalSection
EndGlobal
